
Microsoft Visual Studio Solution File, Format Version 12.00
# Visual Studio Version 17
VisualStudioVersion = 17.4.33213.308
MinimumVisualStudioVersion = 10.0.40219.1
Project("{FAE04EC0-301F-11D3-BF4B-00C04F79EFBC}") = "PracticaCrudEN", "PracticaCrudEN\PracticaCrudEN.csproj", "{DEC16505-4F67-4E64-A6D0-D327C7673155}"
EndProject
Project("{FAE04EC0-301F-11D3-BF4B-00C04F79EFBC}") = "PracticaCrudDAL", "PracticaCrudDAL\PracticaCrudDAL.csproj", "{8FE8B9CA-FC4D-47AD-B1CC-FA65EF14FA91}"
EndProject
Project("{FAE04EC0-301F-11D3-BF4B-00C04F79EFBC}") = "PracticaCrudBL", "PracticaCrudBL\PracticaCrudBL.csproj", "{C8574D78-0D9B-4A68-AB2C-D6660816E792}"
EndProject
Project("{FAE04EC0-301F-11D3-BF4B-00C04F79EFBC}") = "PracticaCrudMVC", "PracticaCrudMVC\PracticaCrudMVC.csproj", "{BF06D5C1-05BC-47AF-9750-243F980CCFC8}"
EndProject
Global
	GlobalSection(SolutionConfigurationPlatforms) = preSolution
		Debug|Any CPU = Debug|Any CPU
		Release|Any CPU = Release|Any CPU
	EndGlobalSection
	GlobalSection(ProjectConfigurationPlatforms) = postSolution
		{DEC16505-4F67-4E64-A6D0-D327C7673155}.Debug|Any CPU.ActiveCfg = Debug|Any CPU
		{DEC16505-4F67-4E64-A6D0-D327C7673155}.Debug|Any CPU.Build.0 = Debug|Any CPU
		{DEC16505-4F67-4E64-A6D0-D327C7673155}.Release|Any CPU.ActiveCfg = Release|Any CPU
		{DEC16505-4F67-4E64-A6D0-D327C7673155}.Release|Any CPU.Build.0 = Release|Any CPU
		{8FE8B9CA-FC4D-47AD-B1CC-FA65EF14FA91}.Debug|Any CPU.ActiveCfg = Debug|Any CPU
		{8FE8B9CA-FC4D-47AD-B1CC-FA65EF14FA91}.Debug|Any CPU.Build.0 = Debug|Any CPU
		{8FE8B9CA-FC4D-47AD-B1CC-FA65EF14FA91}.Release|Any CPU.ActiveCfg = Release|Any CPU
		{8FE8B9CA-FC4D-47AD-B1CC-FA65EF14FA91}.Release|Any CPU.Build.0 = Release|Any CPU
		{C8574D78-0D9B-4A68-AB2C-D6660816E792}.Debug|Any CPU.ActiveCfg = Debug|Any CPU
		{C8574D78-0D9B-4A68-AB2C-D6660816E792}.Debug|Any CPU.Build.0 = Debug|Any CPU
		{C8574D78-0D9B-4A68-AB2C-D6660816E792}.Release|Any CPU.ActiveCfg = Release|Any CPU
		{C8574D78-0D9B-4A68-AB2C-D6660816E792}.Release|Any CPU.Build.0 = Release|Any CPU
		{BF06D5C1-05BC-47AF-9750-243F980CCFC8}.Debug|Any CPU.ActiveCfg = Debug|Any CPU
		{BF06D5C1-05BC-47AF-9750-243F980CCFC8}.Debug|Any CPU.Build.0 = Debug|Any CPU
		{BF06D5C1-05BC-47AF-9750-243F980CCFC8}.Release|Any CPU.ActiveCfg = Release|Any CPU
		{BF06D5C1-05BC-47AF-9750-243F980CCFC8}.Release|Any CPU.Build.0 = Release|Any CPU
	EndGlobalSection
	GlobalSection(SolutionProperties) = preSolution
		HideSolutionNode = FALSE
	EndGlobalSection
	GlobalSection(ExtensibilityGlobals) = postSolution
		SolutionGuid = {9D9F069A-D694-4F7B-B9BC-87312FEF8B40}
	EndGlobalSection
EndGlobal
